
Microsoft Visual Studio Solution File, Format Version 12.00
# Visual Studio 15
VisualStudioVersion = 15.0.27428.2015
MinimumVisualStudioVersion = 10.0.40219.1
Project("{8BC9CEB8-8B4A-11D0-8D11-00A0C91BC942}") = "HomeSensors", "HomeSensors\HomeSensors.vcxproj", "{C5F80730-F44F-4478-BDAE-6634EFC2CA88}"
EndProject
Project("{8BC9CEB8-8B4A-11D0-8D11-00A0C91BC942}") = "BoilerTemp-relay", "BoilerTemp-relay\BoilerTemp-relay.vcxproj", "{95BF8FC2-F2D1-409E-9216-31A1441D4A6D}"
EndProject
Project("{8BC9CEB8-8B4A-11D0-8D11-00A0C91BC942}") = "LEDLight", "LEDLight\LEDLight.vcxproj", "{77D99D6E-C090-4372-8D56-B23471CF7031}"
EndProject
Project("{8BC9CEB8-8B4A-11D0-8D11-00A0C91BC942}") = "DoorSwitch", "DoorSwitch\DoorSwitch.vcxproj", "{767F72AB-343E-4984-9C68-F36E4AA05175}"
EndProject
Project("{2150E333-8FDC-42A3-9474-1A3956D46DE8}") = "Solution Items", "Solution Items", "{15D65DEC-3490-4391-8E37-D8E1ADD6A7AE}"
	ProjectSection(SolutionItems) = preProject
		README.md = README.md
	EndProjectSection
EndProject
Project("{8BC9CEB8-8B4A-11D0-8D11-00A0C91BC942}") = "Doorbell", "Doorbell\Doorbell.vcxproj", "{3EFB2360-8E13-4934-8D74-277DED2AC4CC}"
EndProject
Project("{8BC9CEB8-8B4A-11D0-8D11-00A0C91BC942}") = "DoorbellButton", "DoorbellButton\DoorbellButton.vcxproj", "{170C52CD-7E52-4BF1-A09A-4BE88D5E3101}"
EndProject
Project("{8BC9CEB8-8B4A-11D0-8D11-00A0C91BC942}") = "InternalARef", "InternalARef\InternalARef.vcxproj", "{666D63F5-1D3D-445E-8187-2AF92E328F73}"
EndProject
Global
	GlobalSection(SolutionConfigurationPlatforms) = preSolution
		Debug|x64 = Debug|x64
		Debug|x86 = Debug|x86
		Release|x64 = Release|x64
		Release|x86 = Release|x86
	EndGlobalSection
	GlobalSection(ProjectConfigurationPlatforms) = postSolution
		{C5F80730-F44F-4478-BDAE-6634EFC2CA88}.Debug|x64.ActiveCfg = Debug|Win32
		{C5F80730-F44F-4478-BDAE-6634EFC2CA88}.Debug|x86.ActiveCfg = Debug|Win32
		{C5F80730-F44F-4478-BDAE-6634EFC2CA88}.Debug|x86.Build.0 = Debug|Win32
		{C5F80730-F44F-4478-BDAE-6634EFC2CA88}.Release|x64.ActiveCfg = Release|Win32
		{C5F80730-F44F-4478-BDAE-6634EFC2CA88}.Release|x86.ActiveCfg = Release|Win32
		{C5F80730-F44F-4478-BDAE-6634EFC2CA88}.Release|x86.Build.0 = Release|Win32
		{95BF8FC2-F2D1-409E-9216-31A1441D4A6D}.Debug|x64.ActiveCfg = Debug|Win32
		{95BF8FC2-F2D1-409E-9216-31A1441D4A6D}.Debug|x86.ActiveCfg = Debug|Win32
		{95BF8FC2-F2D1-409E-9216-31A1441D4A6D}.Debug|x86.Build.0 = Debug|Win32
		{95BF8FC2-F2D1-409E-9216-31A1441D4A6D}.Release|x64.ActiveCfg = Release|Win32
		{95BF8FC2-F2D1-409E-9216-31A1441D4A6D}.Release|x86.ActiveCfg = Release|Win32
		{95BF8FC2-F2D1-409E-9216-31A1441D4A6D}.Release|x86.Build.0 = Release|Win32
		{77D99D6E-C090-4372-8D56-B23471CF7031}.Debug|x64.ActiveCfg = Debug|Win32
		{77D99D6E-C090-4372-8D56-B23471CF7031}.Debug|x86.ActiveCfg = Debug|Win32
		{77D99D6E-C090-4372-8D56-B23471CF7031}.Debug|x86.Build.0 = Debug|Win32
		{77D99D6E-C090-4372-8D56-B23471CF7031}.Release|x64.ActiveCfg = Release|Win32
		{77D99D6E-C090-4372-8D56-B23471CF7031}.Release|x86.ActiveCfg = Release|Win32
		{77D99D6E-C090-4372-8D56-B23471CF7031}.Release|x86.Build.0 = Release|Win32
		{767F72AB-343E-4984-9C68-F36E4AA05175}.Debug|x64.ActiveCfg = Debug|Win32
		{767F72AB-343E-4984-9C68-F36E4AA05175}.Debug|x86.ActiveCfg = Debug|Win32
		{767F72AB-343E-4984-9C68-F36E4AA05175}.Debug|x86.Build.0 = Debug|Win32
		{767F72AB-343E-4984-9C68-F36E4AA05175}.Release|x64.ActiveCfg = Release|Win32
		{767F72AB-343E-4984-9C68-F36E4AA05175}.Release|x86.ActiveCfg = Release|Win32
		{767F72AB-343E-4984-9C68-F36E4AA05175}.Release|x86.Build.0 = Release|Win32
		{3EFB2360-8E13-4934-8D74-277DED2AC4CC}.Debug|x64.ActiveCfg = Debug|Win32
		{3EFB2360-8E13-4934-8D74-277DED2AC4CC}.Debug|x86.ActiveCfg = Debug|Win32
		{3EFB2360-8E13-4934-8D74-277DED2AC4CC}.Debug|x86.Build.0 = Debug|Win32
		{3EFB2360-8E13-4934-8D74-277DED2AC4CC}.Release|x64.ActiveCfg = Release|Win32
		{3EFB2360-8E13-4934-8D74-277DED2AC4CC}.Release|x86.ActiveCfg = Release|Win32
		{3EFB2360-8E13-4934-8D74-277DED2AC4CC}.Release|x86.Build.0 = Release|Win32
		{170C52CD-7E52-4BF1-A09A-4BE88D5E3101}.Debug|x64.ActiveCfg = Debug|Win32
		{170C52CD-7E52-4BF1-A09A-4BE88D5E3101}.Debug|x86.ActiveCfg = Debug|Win32
		{170C52CD-7E52-4BF1-A09A-4BE88D5E3101}.Debug|x86.Build.0 = Debug|Win32
		{170C52CD-7E52-4BF1-A09A-4BE88D5E3101}.Release|x64.ActiveCfg = Release|Win32
		{170C52CD-7E52-4BF1-A09A-4BE88D5E3101}.Release|x86.ActiveCfg = Release|Win32
		{170C52CD-7E52-4BF1-A09A-4BE88D5E3101}.Release|x86.Build.0 = Release|Win32
		{666D63F5-1D3D-445E-8187-2AF92E328F73}.Debug|x64.ActiveCfg = Debug|Win32
		{666D63F5-1D3D-445E-8187-2AF92E328F73}.Debug|x86.ActiveCfg = Debug|Win32
		{666D63F5-1D3D-445E-8187-2AF92E328F73}.Debug|x86.Build.0 = Debug|Win32
		{666D63F5-1D3D-445E-8187-2AF92E328F73}.Release|x64.ActiveCfg = Release|Win32
		{666D63F5-1D3D-445E-8187-2AF92E328F73}.Release|x86.ActiveCfg = Release|Win32
		{666D63F5-1D3D-445E-8187-2AF92E328F73}.Release|x86.Build.0 = Release|Win32
	EndGlobalSection
	GlobalSection(SolutionProperties) = preSolution
		HideSolutionNode = FALSE
	EndGlobalSection
	GlobalSection(ExtensibilityGlobals) = postSolution
		SolutionGuid = {FA2B83E6-BB3A-495F-ADAE-314FDC8AAFAC}
	EndGlobalSection
EndGlobal
